
Microsoft Visual Studio Solution File, Format Version 12.00
# Visual Studio 2015
Project("{FAE04EC0-301F-11D3-BF4B-00C04F79EFBC}") = "SpaceGame.CSharp.Plugins", "SpaceGame.CSharp.Plugins.csproj", "{5724F0F5-2CD3-8B2A-7C0F-D5413D6A12D6}"
EndProject
Project("{FAE04EC0-301F-11D3-BF4B-00C04F79EFBC}") = "SpaceGame.CSharp", "SpaceGame.CSharp.csproj", "{73420553-27FE-CE55-C064-FE9289630AB0}"
EndProject
Project("{FAE04EC0-301F-11D3-BF4B-00C04F79EFBC}") = "SpaceGame.CSharp.Editor.Plugins", "SpaceGame.CSharp.Editor.Plugins.csproj", "{C9DE0E2D-15FC-DA2D-00AF-614D0A373779}"
EndProject
Global
	GlobalSection(SolutionConfigurationPlatforms) = preSolution
		Debug|Any CPU = Debug|Any CPU
		Release|Any CPU = Release|Any CPU
	EndGlobalSection
	GlobalSection(ProjectConfigurationPlatforms) = postSolution
		{5724F0F5-2CD3-8B2A-7C0F-D5413D6A12D6}.Debug|Any CPU.ActiveCfg = Debug|Any CPU
		{5724F0F5-2CD3-8B2A-7C0F-D5413D6A12D6}.Debug|Any CPU.Build.0 = Debug|Any CPU
		{5724F0F5-2CD3-8B2A-7C0F-D5413D6A12D6}.Release|Any CPU.ActiveCfg = Release|Any CPU
		{5724F0F5-2CD3-8B2A-7C0F-D5413D6A12D6}.Release|Any CPU.Build.0 = Release|Any CPU
		{73420553-27FE-CE55-C064-FE9289630AB0}.Debug|Any CPU.ActiveCfg = Debug|Any CPU
		{73420553-27FE-CE55-C064-FE9289630AB0}.Debug|Any CPU.Build.0 = Debug|Any CPU
		{73420553-27FE-CE55-C064-FE9289630AB0}.Release|Any CPU.ActiveCfg = Release|Any CPU
		{73420553-27FE-CE55-C064-FE9289630AB0}.Release|Any CPU.Build.0 = Release|Any CPU
		{C9DE0E2D-15FC-DA2D-00AF-614D0A373779}.Debug|Any CPU.ActiveCfg = Debug|Any CPU
		{C9DE0E2D-15FC-DA2D-00AF-614D0A373779}.Debug|Any CPU.Build.0 = Debug|Any CPU
		{C9DE0E2D-15FC-DA2D-00AF-614D0A373779}.Release|Any CPU.ActiveCfg = Release|Any CPU
		{C9DE0E2D-15FC-DA2D-00AF-614D0A373779}.Release|Any CPU.Build.0 = Release|Any CPU
	EndGlobalSection
	GlobalSection(SolutionProperties) = preSolution
		HideSolutionNode = FALSE
	EndGlobalSection
EndGlobal
